<?xml version="1.0" encoding="UTF-8"?>
<Scheme
   LastUpgradeVersion = "1640"
   version = "1.7">
   <BuildAction
      parallelizeBuildables = "YES"
      buildImplicitDependencies = "YES"
      buildArchitectures = "Automatic">
      <BuildActionEntries>
         <BuildActionEntry
            buildForTesting = "YES"
            buildForRunning = "YES"
            buildForProfiling = "YES"
            buildForArchiving = "YES"
            buildForAnalyzing = "YES">
            <BuildableReference
               BuildableIdentifier = "primary"
               BlueprintIdentifier = "8BC271FF2F52AA82000F62FE"
               BuildableName = "CAT Inspect.app"
               BlueprintName = "CAT Inspect"
               ReferencedContainer = "container:CAT Inspect.xcodeproj">
            </BuildableReference>
         </BuildActionEntry>
      </BuildActionEntries>
   </BuildAction>
   <TestAction
      buildConfiguration = "Debug"
      selectedDebuggerIdentifier = "Xcode.DebuggerFoundation.Debugger.LLDB"
      selectedLauncherIdentifier = "Xcode.DebuggerFoundation.Launcher.LLDB"
      shouldUseLaunchSchemeArgsEnv = "YES"
      shouldAutocreateTestPlan = "YES">
      <Testables>
         <TestableReference
            skipped = "NO"
            parallelizable = "YES">
            <BuildableReference
               BuildableIdentifier = "primary"
               BlueprintIdentifier = "8BC2720C2F52AA84000F62FE"
               BuildableName = "CAT InspectTests.xctest"
               BlueprintName = "CAT InspectTests"
               ReferencedContainer = "container:CAT Inspect.xcodeproj">
            </BuildableReference>
         </TestableReference>
         <TestableReference
            skipped = "NO"
            parallelizable = "YES">
            <BuildableReference
               BuildableIdentifier = "primary"
               BlueprintIdentifier = "8BC272162F52AA84000F62FE"
               BuildableName = "CAT InspectUITests.xctest"
               BlueprintName = "CAT InspectUITests"
               ReferencedContainer = "container:CAT Inspect.xcodeproj">
            </BuildableReference>
         </TestableReference>
      </Testables>
   </TestAction>
   <LaunchAction
      buildConfiguration = "Debug"
      selectedDebuggerIdentifier = "Xcode.DebuggerFoundation.Debugger.LLDB"
      selectedLauncherIdentifier = "Xcode.DebuggerFoundation.Launcher.LLDB"
      launchStyle = "0"
      useCustomWorkingDirectory = "NO"
      ignoresPersistentStateOnLaunch = "NO"
      debugDocumentVersioning = "YES"
      debugServiceExtension = "internal"
      allowLocationSimulation = "YES">
      <BuildableProductRunnable
         runnableDebuggingMode = "0">
         <BuildableReference
            BuildableIdentifier = "primary"
            BlueprintIdentifier = "8BC271FF2F52AA82000F62FE"
            BuildableName = "CAT Inspect.app"
            BlueprintName = "CAT Inspect"
            ReferencedContainer = "container:CAT Inspect.xcodeproj">
         </BuildableReference>
      </BuildableProductRunnable>
      <EnvironmentVariables>
         <EnvironmentVariable
            key = "SUPABASE_S3_ENDPOINT"
            value = "https://axxxkhxsuigimqragicw.storage.supabase.co/storage/v1/s3"
            isEnabled = "YES">
         </EnvironmentVariable>
         <EnvironmentVariable
            key = "SUPABASE_S3_ACCESS_KEY"
            value = "4e5e5c5168fc5b949f648aa5024489ae"
            isEnabled = "YES">
         </EnvironmentVariable>
         <EnvironmentVariable
            key = "SUPABASE_S3_SECRET_KEY"
            value = "454af5f5895e0fee2a9e9052cd55be3064dc84b80a09c18ff6d728c470fc9ac1"
            isEnabled = "YES">
         </EnvironmentVariable>
         <EnvironmentVariable
            key = "SUPABASE_S3_REGION"
            value = "us-west-2"
            isEnabled = "YES">
         </EnvironmentVariable>
         <EnvironmentVariable
            key = "SUPABASE_BUCKET_NAME"
            value = "inspection_key"
            isEnabled = "YES">
         </EnvironmentVariable>
         <EnvironmentVariable
            key = "PUBLISHABLE_KEY"
            value = "sb_publishable_ZuuKxEPK62lNDHVIvRgLMg8aV8BXF"
            isEnabled = "YES">
         </EnvironmentVariable>
         <EnvironmentVariable
            key = "GEMINI_API_KEY"
            value = "AIzaSyD_oz6HASmV-T0d9ydYjjIXJS3jHkl9jw0"
            isEnabled = "YES">
         </EnvironmentVariable>
         <EnvironmentVariable
            key = "CAT_LIVE_WS_URL"
            value = "wss://7450-72-36-119-139.ngrok-free.app/ws/live-inspection"
            isEnabled = "YES">
         </EnvironmentVariable>
         <EnvironmentVariable
            key = "GEMINI_LIVE_TEXT_MODEL"
            value = "gemini-2.5-flash"
            isEnabled = "YES">
         </EnvironmentVariable>
         <EnvironmentVariable
            key = "SUPABASE_URL"
            value = "https://axxxkhxsuigimqragicw.supabase.co/"
            isEnabled = "YES">
         </EnvironmentVariable>
         <EnvironmentVariable
            key = "SUPABASE_KEY"
            value = "eyJhbGciOiJIUzI1NiIsInR5cCI6IkpXVCJ9.eyJpc3MiOiJzdXBhYmFzZSIsInJlZiI6ImF4eHhraHhzdWlnaW1xcmFnaWN3Iiwicm9sZSI6InNlcnZpY2Vfcm9sZSIsImlhdCI6MTc3MjI1NzYyMywiZXhwIjoyMDg3ODMzNjIzfQ.8xTJC_hCRGdpv3J58UgzDe7BQiWaL5YR-jM7twPvsIQ"
            isEnabled = "YES">
         </EnvironmentVariable>
         <EnvironmentVariable
            key = "INSPEX_BASE_URL"
            value = "https://manav-sharma-yeet--inspex-core-fastapi-app-dev.modal.run/"
            isEnabled = "YES">
         </EnvironmentVariable>
      </EnvironmentVariables>
   </LaunchAction>
   <ProfileAction
      buildConfiguration = "Release"
      shouldUseLaunchSchemeArgsEnv = "YES"
      savedToolIdentifier = ""
      useCustomWorkingDirectory = "NO"
      debugDocumentVersioning = "YES">
      <BuildableProductRunnable
         runnableDebuggingMode = "0">
         <BuildableReference
            BuildableIdentifier = "primary"
            BlueprintIdentifier = "8BC271FF2F52AA82000F62FE"
            BuildableName = "CAT Inspect.app"
            BlueprintName = "CAT Inspect"
            ReferencedContainer = "container:CAT Inspect.xcodeproj">
         </BuildableReference>
      </BuildableProductRunnable>
   </ProfileAction>
   <AnalyzeAction
      buildConfiguration = "Debug">
   </AnalyzeAction>
   <ArchiveAction
      buildConfiguration = "Release"
      revealArchiveInOrganizer = "YES">
   </ArchiveAction>
</Scheme>
